
Microsoft Visual Studio Solution File, Format Version 12.00
# Visual Studio Version 16
VisualStudioVersion = 16.0.29306.81
MinimumVisualStudioVersion = 10.0.40219.1
Project("{888888A0-9F3D-457C-B088-3A5042F75D52}") = "EgoPsiren", "EgoPsiren\EgoPsiren.pyproj", "{BF1D0411-F2B6-4B3D-AC07-F174C739ECFC}"
EndProject
Project("{2150E333-8FDC-42A3-9474-1A3956D46DE8}") = "Common", "Common", "{CE47C140-3837-4EEA-B8CB-DA917D3EFDCF}"
EndProject
Global
	GlobalSection(SolutionConfigurationPlatforms) = preSolution
		Debug|Any CPU = Debug|Any CPU
		Release|Any CPU = Release|Any CPU
	EndGlobalSection
	GlobalSection(ProjectConfigurationPlatforms) = postSolution
		{BF1D0411-F2B6-4B3D-AC07-F174C739ECFC}.Debug|Any CPU.ActiveCfg = Debug|Any CPU
		{BF1D0411-F2B6-4B3D-AC07-F174C739ECFC}.Release|Any CPU.ActiveCfg = Release|Any CPU
	EndGlobalSection
	GlobalSection(SolutionProperties) = preSolution
		HideSolutionNode = FALSE
	EndGlobalSection
	GlobalSection(ExtensibilityGlobals) = postSolution
		SolutionGuid = {87766882-C4A1-40E2-92B1-D93B40010BE9}
	EndGlobalSection
EndGlobal
